{
  "name": "gqrx-node",
  "version": "1.0.0",
  "lockfileVersion": 1,
  "requires": true,
  "dependencies": {
    "@types/node": {
      "version": "12.0.10",
      "resolved": "https://registry.npmjs.org/@types/node/-/node-12.0.10.tgz",
      "integrity": "sha512-LcsGbPomWsad6wmMNv7nBLw7YYYyfdYcz6xryKYQhx89c3XXan+8Q6AJ43G5XDIaklaVkK3mE4fCb0SBvMiPSQ==",
      "dev": true
    },
    "bluebird": {
      "version": "3.5.5",
      "resolved": "https://registry.npmjs.org/bluebird/-/bluebird-3.5.5.tgz",
      "integrity": "sha512-5am6HnnfN+urzt4yfg7IgTbotDjIT/u8AJpEt0sIU9FtXfVeezXAPKswrG+xKUCOYAINpSdgZVDU6QFh+cuH3w=="
    },
    "telnet-client": {
      "version": "1.0.3",
      "resolved": "https://registry.npmjs.org/telnet-client/-/telnet-client-1.0.3.tgz",
      "integrity": "sha512-eayS9eL8TVkiaFO1KKrUDKZzh7ahYzTvVW7sZ8fF52QHbijNxdqw0h6nOE8JjuFU1OcispKND8yTMRLO1M1o0A==",
      "requires": {
        "bluebird": "^3.5.4"
      }
    }
  }
}
